// !$*UTF8*$!
{
	archiveVersion = 1;
	classes = {};
	objectVersion = 56;
	objects = {

/* Begin PBXBuildFile section */
		A00100000000000000000001 /* MeantApp.swift in Sources */ = {isa = PBXBuildFile; fileRef = A00200000000000000000001 /* MeantApp.swift */; };
		A00100000000000000000002 /* AppDelegate.swift in Sources */ = {isa = PBXBuildFile; fileRef = A00200000000000000000002 /* AppDelegate.swift */; };
		A00100000000000000000003 /* InferredAction.swift in Sources */ = {isa = PBXBuildFile; fileRef = A00200000000000000000003 /* InferredAction.swift */; };
		A00100000000000000000004 /* PromptEngine.swift in Sources */ = {isa = PBXBuildFile; fileRef = A00200000000000000000004 /* PromptEngine.swift */; };
		A00100000000000000000005 /* GlobalShortcut.swift in Sources */ = {isa = PBXBuildFile; fileRef = A00200000000000000000005 /* GlobalShortcut.swift */; };
		A00100000000000000000006 /* SelectionController.swift in Sources */ = {isa = PBXBuildFile; fileRef = A00200000000000000000006 /* SelectionController.swift */; };
		A00100000000000000000007 /* CodexAppServerClient.swift in Sources */ = {isa = PBXBuildFile; fileRef = A00200000000000000000007 /* CodexAppServerClient.swift */; };
		A00100000000000000000008 /* MeantViewModel.swift in Sources */ = {isa = PBXBuildFile; fileRef = A00200000000000000000008 /* MeantViewModel.swift */; };
		A00100000000000000000009 /* IntelligenceOverlayController.swift in Sources */ = {isa = PBXBuildFile; fileRef = A00200000000000000000009 /* IntelligenceOverlayController.swift */; };
		A0010000000000000000000A /* IntelligenceOverlayView.swift in Sources */ = {isa = PBXBuildFile; fileRef = A0020000000000000000000A /* IntelligenceOverlayView.swift */; };
		A0010000000000000000000B /* SettingsView.swift in Sources */ = {isa = PBXBuildFile; fileRef = A0020000000000000000000B /* SettingsView.swift */; };
		A0010000000000000000000C /* PromptEngineTests.swift in Sources */ = {isa = PBXBuildFile; fileRef = A0020000000000000000000C /* PromptEngineTests.swift */; };
		A0010000000000000000000D /* Assets.xcassets in Resources */ = {isa = PBXBuildFile; fileRef = A00200000000000000000010 /* Assets.xcassets */; };
		A0010000000000000000000E /* Sparkle in Frameworks */ = {isa = PBXBuildFile; productRef = A00F00000000000000000002 /* Sparkle */; };
/* End PBXBuildFile section */

/* Begin PBXContainerItemProxy section */
		A00D00000000000000000001 = {isa = PBXContainerItemProxy; containerPortal = A00A00000000000000000001 /* Project object */; proxyType = 1; remoteGlobalIDString = A00700000000000000000001; remoteInfo = Meant; };
/* End PBXContainerItemProxy section */

/* Begin PBXFileReference section */
		A00200000000000000000001 /* MeantApp.swift */ = {isa = PBXFileReference; lastKnownFileType = sourcecode.swift; path = MeantApp.swift; sourceTree = "<group>"; };
		A00200000000000000000002 /* AppDelegate.swift */ = {isa = PBXFileReference; lastKnownFileType = sourcecode.swift; path = AppDelegate.swift; sourceTree = "<group>"; };
		A00200000000000000000003 /* InferredAction.swift */ = {isa = PBXFileReference; lastKnownFileType = sourcecode.swift; path = InferredAction.swift; sourceTree = "<group>"; };
		A00200000000000000000004 /* PromptEngine.swift */ = {isa = PBXFileReference; lastKnownFileType = sourcecode.swift; path = PromptEngine.swift; sourceTree = "<group>"; };
		A00200000000000000000005 /* GlobalShortcut.swift */ = {isa = PBXFileReference; lastKnownFileType = sourcecode.swift; path = GlobalShortcut.swift; sourceTree = "<group>"; };
		A00200000000000000000006 /* SelectionController.swift */ = {isa = PBXFileReference; lastKnownFileType = sourcecode.swift; path = SelectionController.swift; sourceTree = "<group>"; };
		A00200000000000000000007 /* CodexAppServerClient.swift */ = {isa = PBXFileReference; lastKnownFileType = sourcecode.swift; path = CodexAppServerClient.swift; sourceTree = "<group>"; };
		A00200000000000000000008 /* MeantViewModel.swift */ = {isa = PBXFileReference; lastKnownFileType = sourcecode.swift; path = MeantViewModel.swift; sourceTree = "<group>"; };
		A00200000000000000000009 /* IntelligenceOverlayController.swift */ = {isa = PBXFileReference; lastKnownFileType = sourcecode.swift; path = IntelligenceOverlayController.swift; sourceTree = "<group>"; };
		A0020000000000000000000A /* IntelligenceOverlayView.swift */ = {isa = PBXFileReference; lastKnownFileType = sourcecode.swift; path = IntelligenceOverlayView.swift; sourceTree = "<group>"; };
		A0020000000000000000000B /* SettingsView.swift */ = {isa = PBXFileReference; lastKnownFileType = sourcecode.swift; path = SettingsView.swift; sourceTree = "<group>"; };
		A0020000000000000000000C /* PromptEngineTests.swift */ = {isa = PBXFileReference; lastKnownFileType = sourcecode.swift; path = PromptEngineTests.swift; sourceTree = "<group>"; };
		A0020000000000000000000D /* Info.plist */ = {isa = PBXFileReference; lastKnownFileType = text.plist.xml; path = Info.plist; sourceTree = "<group>"; };
		A0020000000000000000000E /* Meant.app */ = {isa = PBXFileReference; explicitFileType = wrapper.application; includeInIndex = 0; path = Meant.app; sourceTree = BUILT_PRODUCTS_DIR; };
		A0020000000000000000000F /* MeantTests.xctest */ = {isa = PBXFileReference; explicitFileType = wrapper.cfbundle; includeInIndex = 0; path = MeantTests.xctest; sourceTree = BUILT_PRODUCTS_DIR; };
		A00200000000000000000010 /* Assets.xcassets */ = {isa = PBXFileReference; lastKnownFileType = folder.assetcatalog; path = Assets.xcassets; sourceTree = "<group>"; };
/* End PBXFileReference section */

/* Begin PBXFrameworksBuildPhase section */
		A00600000000000000000002 = {isa = PBXFrameworksBuildPhase; buildActionMask = 2147483647; files = (A0010000000000000000000E /* Sparkle in Frameworks */); runOnlyForDeploymentPostprocessing = 0; };
		A00600000000000000000005 = {isa = PBXFrameworksBuildPhase; buildActionMask = 2147483647; files = (); runOnlyForDeploymentPostprocessing = 0; };
/* End PBXFrameworksBuildPhase section */

/* Begin PBXGroup section */
		A00300000000000000000001 = {isa = PBXGroup; children = (A00300000000000000000002 /* Meant */, A00300000000000000000009 /* MeantTests */, A0030000000000000000000A /* Products */); sourceTree = "<group>"; };
		A00300000000000000000002 /* Meant */ = {isa = PBXGroup; path = Meant; sourceTree = "<group>"; children = (A00300000000000000000003 /* App */, A00300000000000000000004 /* Model */, A00300000000000000000005 /* Services */, A00300000000000000000006 /* ViewModels */, A00300000000000000000007 /* Views */, A00300000000000000000008 /* Window */, A00200000000000000000010 /* Assets.xcassets */, A0020000000000000000000D /* Info.plist */); };
		A00300000000000000000003 /* App */ = {isa = PBXGroup; path = App; sourceTree = "<group>"; children = (A00200000000000000000001, A00200000000000000000002); };
		A00300000000000000000004 /* Model */ = {isa = PBXGroup; path = Model; sourceTree = "<group>"; children = (A00200000000000000000003); };
		A00300000000000000000005 /* Services */ = {isa = PBXGroup; path = Services; sourceTree = "<group>"; children = (A00200000000000000000004, A00200000000000000000005, A00200000000000000000006, A00200000000000000000007); };
		A00300000000000000000006 /* ViewModels */ = {isa = PBXGroup; path = ViewModels; sourceTree = "<group>"; children = (A00200000000000000000008); };
		A00300000000000000000007 /* Views */ = {isa = PBXGroup; path = Views; sourceTree = "<group>"; children = (A0020000000000000000000A, A0020000000000000000000B); };
		A00300000000000000000008 /* Window */ = {isa = PBXGroup; path = Window; sourceTree = "<group>"; children = (A00200000000000000000009); };
		A00300000000000000000009 /* MeantTests */ = {isa = PBXGroup; path = MeantTests; sourceTree = "<group>"; children = (A0020000000000000000000C); };
		A0030000000000000000000A /* Products */ = {isa = PBXGroup; children = (A0020000000000000000000E /* Meant.app */, A0020000000000000000000F /* MeantTests.xctest */); name = Products; sourceTree = "<group>"; };
/* End PBXGroup section */

/* Begin PBXNativeTarget section */
		A00700000000000000000001 /* Meant */ = {isa = PBXNativeTarget; buildConfigurationList = A00900000000000000000002; buildPhases = (A00600000000000000000001, A00600000000000000000002, A00600000000000000000003); buildRules = (); dependencies = (); name = Meant; packageProductDependencies = (A00F00000000000000000002 /* Sparkle */); productName = Meant; productReference = A0020000000000000000000E; productType = "com.apple.product-type.application"; };
		A00700000000000000000002 /* MeantTests */ = {isa = PBXNativeTarget; buildConfigurationList = A00900000000000000000003; buildPhases = (A00600000000000000000004, A00600000000000000000005, A00600000000000000000006); buildRules = (); dependencies = (A00C00000000000000000001); name = MeantTests; productName = MeantTests; productReference = A0020000000000000000000F; productType = "com.apple.product-type.bundle.unit-test"; };
/* End PBXNativeTarget section */

/* Begin PBXProject section */
		A00A00000000000000000001 /* Project object */ = {isa = PBXProject; attributes = {BuildIndependentTargetsInParallel = 1; LastSwiftUpdateCheck = 2660; LastUpgradeCheck = 2660; TargetAttributes = {A00700000000000000000001 = {CreatedOnToolsVersion = 26.6; }; A00700000000000000000002 = {CreatedOnToolsVersion = 26.6; TestTargetID = A00700000000000000000001; };};}; buildConfigurationList = A00900000000000000000001; compatibilityVersion = "Xcode 14.0"; developmentRegion = en; hasScannedForEncodings = 0; knownRegions = (en, Base); mainGroup = A00300000000000000000001; packageReferences = (A00F00000000000000000001 /* XCRemoteSwiftPackageReference "Sparkle" */); productRefGroup = A0030000000000000000000A; projectDirPath = ""; projectRoot = ""; targets = (A00700000000000000000001, A00700000000000000000002); };
/* End PBXProject section */

/* Begin PBXResourcesBuildPhase section */
		A00600000000000000000003 = {isa = PBXResourcesBuildPhase; buildActionMask = 2147483647; files = (A0010000000000000000000D /* Assets.xcassets in Resources */); runOnlyForDeploymentPostprocessing = 0; };
		A00600000000000000000006 = {isa = PBXResourcesBuildPhase; buildActionMask = 2147483647; files = (); runOnlyForDeploymentPostprocessing = 0; };
/* End PBXResourcesBuildPhase section */

/* Begin PBXSourcesBuildPhase section */
		A00600000000000000000001 = {isa = PBXSourcesBuildPhase; buildActionMask = 2147483647; files = (A00100000000000000000001, A00100000000000000000002, A00100000000000000000003, A00100000000000000000004, A00100000000000000000005, A00100000000000000000006, A00100000000000000000007, A00100000000000000000008, A00100000000000000000009, A0010000000000000000000A, A0010000000000000000000B); runOnlyForDeploymentPostprocessing = 0; };
		A00600000000000000000004 = {isa = PBXSourcesBuildPhase; buildActionMask = 2147483647; files = (A0010000000000000000000C); runOnlyForDeploymentPostprocessing = 0; };
/* End PBXSourcesBuildPhase section */

/* Begin PBXTargetDependency section */
		A00C00000000000000000001 = {isa = PBXTargetDependency; target = A00700000000000000000001; targetProxy = A00D00000000000000000001; };
/* End PBXTargetDependency section */

/* Begin XCBuildConfiguration section */
		A00800000000000000000001 = {isa = XCBuildConfiguration; buildSettings = {CLANG_ENABLE_MODULES = YES; MACOSX_DEPLOYMENT_TARGET = 14.0; SWIFT_VERSION = 5.0; }; name = Debug; };
		A00800000000000000000002 = {isa = XCBuildConfiguration; buildSettings = {CLANG_ENABLE_MODULES = YES; MACOSX_DEPLOYMENT_TARGET = 14.0; SWIFT_VERSION = 5.0; }; name = Release; };
		A00800000000000000000003 = {isa = XCBuildConfiguration; buildSettings = {ASSETCATALOG_COMPILER_ACCENT_COLOR_NAME = AccentColor; ASSETCATALOG_COMPILER_APPICON_NAME = AppIcon; CODE_SIGN_STYLE = Automatic; COMBINE_HIDPI_IMAGES = YES; DEVELOPMENT_TEAM = P4FHQ2WTH4; ENABLE_HARDENED_RUNTIME = YES; ENABLE_TESTABILITY = YES; GENERATE_INFOPLIST_FILE = NO; INFOPLIST_FILE = Meant/Info.plist; LD_RUNPATH_SEARCH_PATHS = "$(inherited) @executable_path/../Frameworks"; PRODUCT_BUNDLE_IDENTIFIER = dev.suny.meant; PRODUCT_NAME = "$(TARGET_NAME)"; SWIFT_ACTIVE_COMPILATION_CONDITIONS = DEBUG; SWIFT_EMIT_LOC_STRINGS = YES; SWIFT_OPTIMIZATION_LEVEL = "-Onone"; SWIFT_STRICT_CONCURRENCY = minimal; }; name = Debug; };
		A00800000000000000000004 = {isa = XCBuildConfiguration; buildSettings = {ASSETCATALOG_COMPILER_ACCENT_COLOR_NAME = AccentColor; ASSETCATALOG_COMPILER_APPICON_NAME = AppIcon; CODE_SIGN_INJECT_BASE_ENTITLEMENTS = NO; CODE_SIGN_STYLE = Automatic; COMBINE_HIDPI_IMAGES = YES; DEAD_CODE_STRIPPING = YES; DEBUG_INFORMATION_FORMAT = "dwarf-with-dsym"; DEVELOPMENT_TEAM = P4FHQ2WTH4; ENABLE_CODE_COVERAGE = NO; ENABLE_HARDENED_RUNTIME = YES; GENERATE_INFOPLIST_FILE = NO; INFOPLIST_FILE = Meant/Info.plist; LD_RUNPATH_SEARCH_PATHS = "$(inherited) @executable_path/../Frameworks"; PRODUCT_BUNDLE_IDENTIFIER = dev.suny.meant; PRODUCT_NAME = "$(TARGET_NAME)"; SWIFT_COMPILATION_MODE = wholemodule; SWIFT_EMIT_LOC_STRINGS = YES; SWIFT_STRICT_CONCURRENCY = minimal; }; name = Release; };
		A00800000000000000000005 = {isa = XCBuildConfiguration; buildSettings = {BUNDLE_LOADER = "$(TEST_HOST)"; CODE_SIGN_STYLE = Automatic; DEVELOPMENT_TEAM = P4FHQ2WTH4; GENERATE_INFOPLIST_FILE = YES; MACOSX_DEPLOYMENT_TARGET = 14.0; PRODUCT_BUNDLE_IDENTIFIER = dev.suny.meant.debug.tests; PRODUCT_NAME = "$(TARGET_NAME)"; SWIFT_STRICT_CONCURRENCY = minimal; TEST_HOST = "$(BUILT_PRODUCTS_DIR)/Meant.app/Contents/MacOS/Meant"; }; name = Debug; };
		A00800000000000000000006 = {isa = XCBuildConfiguration; buildSettings = {BUNDLE_LOADER = "$(TEST_HOST)"; CODE_SIGN_STYLE = Automatic; DEVELOPMENT_TEAM = P4FHQ2WTH4; GENERATE_INFOPLIST_FILE = YES; MACOSX_DEPLOYMENT_TARGET = 14.0; PRODUCT_BUNDLE_IDENTIFIER = dev.suny.meant.tests; PRODUCT_NAME = "$(TARGET_NAME)"; SWIFT_STRICT_CONCURRENCY = minimal; TEST_HOST = "$(BUILT_PRODUCTS_DIR)/Meant.app/Contents/MacOS/Meant"; }; name = Release; };
/* End XCBuildConfiguration section */

/* Begin XCConfigurationList section */
		A00900000000000000000001 = {isa = XCConfigurationList; buildConfigurations = (A00800000000000000000001, A00800000000000000000002); defaultConfigurationIsVisible = 0; defaultConfigurationName = Release; };
		A00900000000000000000002 = {isa = XCConfigurationList; buildConfigurations = (A00800000000000000000003, A00800000000000000000004); defaultConfigurationIsVisible = 0; defaultConfigurationName = Release; };
		A00900000000000000000003 = {isa = XCConfigurationList; buildConfigurations = (A00800000000000000000005, A00800000000000000000006); defaultConfigurationIsVisible = 0; defaultConfigurationName = Release; };
/* End XCConfigurationList section */

/* Begin XCRemoteSwiftPackageReference section */
		A00F00000000000000000001 /* XCRemoteSwiftPackageReference "Sparkle" */ = {isa = XCRemoteSwiftPackageReference; repositoryURL = "https://github.com/sparkle-project/Sparkle"; requirement = {kind = upToNextMajorVersion; minimumVersion = 2.9.0; }; };
/* End XCRemoteSwiftPackageReference section */

/* Begin XCSwiftPackageProductDependency section */
		A00F00000000000000000002 /* Sparkle */ = {isa = XCSwiftPackageProductDependency; package = A00F00000000000000000001 /* XCRemoteSwiftPackageReference "Sparkle" */; productName = Sparkle; };
/* End XCSwiftPackageProductDependency section */
	};
	rootObject = A00A00000000000000000001 /* Project object */;
}
